// !$*UTF8*$!
{
	archiveVersion = 1;
	classes = {
	};
	objectVersion = 55;
	objects = {

/* Begin PBXBuildFile section */
		4D17F5CA27806D8B005333AB /* currencyRow.swift in Sources */ = {isa = PBXBuildFile; fileRef = 4D17F5C927806D8B005333AB /* currencyRow.swift */; };
		4D4B72A527790A8C004A161A /* InvestmentPopUp.swift in Sources */ = {isa = PBXBuildFile; fileRef = 4D4B72A427790A8C004A161A /* InvestmentPopUp.swift */; };
		4D4B72A8277E1923004A161A /* Alamofire in Frameworks */ = {isa = PBXBuildFile; productRef = 4D4B72A7277E1923004A161A /* Alamofire */; };
		4D4B72AB277F0CD5004A161A /* CoreAPI.swift in Sources */ = {isa = PBXBuildFile; fileRef = 4D4B72AA277F0CD5004A161A /* CoreAPI.swift */; };
		4D8585962780885100AC94E9 /* account.swift in Sources */ = {isa = PBXBuildFile; fileRef = 4D8585952780885100AC94E9 /* account.swift */; };
		4D85859827808BEC00AC94E9 /* User.swift in Sources */ = {isa = PBXBuildFile; fileRef = 4D85859727808BEC00AC94E9 /* User.swift */; };
		4D85859A278097D700AC94E9 /* Calculations.swift in Sources */ = {isa = PBXBuildFile; fileRef = 4D858599278097D700AC94E9 /* Calculations.swift */; };
		4D85859C2780AAA400AC94E9 /* InvestmentPage.swift in Sources */ = {isa = PBXBuildFile; fileRef = 4D85859B2780AAA400AC94E9 /* InvestmentPage.swift */; };
		4D8585C12789C28200AC94E9 /* currency.swift in Sources */ = {isa = PBXBuildFile; fileRef = 4D8585C02789C28200AC94E9 /* currency.swift */; };
		4D8585C32789C29B00AC94E9 /* nomics.swift in Sources */ = {isa = PBXBuildFile; fileRef = 4D8585C22789C29B00AC94E9 /* nomics.swift */; };
		4D8585C62789CC9900AC94E9 /* currencyModel.swift in Sources */ = {isa = PBXBuildFile; fileRef = 4D8585C52789CC9900AC94E9 /* currencyModel.swift */; };
		4D8585C82789F6A500AC94E9 /* investmentModel.swift in Sources */ = {isa = PBXBuildFile; fileRef = 4D8585C72789F6A500AC94E9 /* investmentModel.swift */; };
		4D8AD3AB2777497100024D66 /* BitViewApp.swift in Sources */ = {isa = PBXBuildFile; fileRef = 4D8AD3AA2777497100024D66 /* BitViewApp.swift */; };
		4D8AD3AD2777497100024D66 /* ContentView.swift in Sources */ = {isa = PBXBuildFile; fileRef = 4D8AD3AC2777497100024D66 /* ContentView.swift */; };
		4D8AD3AF2777497100024D66 /* Assets.xcassets in Resources */ = {isa = PBXBuildFile; fileRef = 4D8AD3AE2777497100024D66 /* Assets.xcassets */; };
		4D8AD3B22777497100024D66 /* Preview Assets.xcassets in Resources */ = {isa = PBXBuildFile; fileRef = 4D8AD3B12777497100024D66 /* Preview Assets.xcassets */; };
/* End PBXBuildFile section */

/* Begin PBXFileReference section */
		4D17F5C927806D8B005333AB /* currencyRow.swift */ = {isa = PBXFileReference; lastKnownFileType = sourcecode.swift; path = currencyRow.swift; sourceTree = "<group>"; };
		4D4B72A427790A8C004A161A /* InvestmentPopUp.swift */ = {isa = PBXFileReference; lastKnownFileType = sourcecode.swift; path = InvestmentPopUp.swift; sourceTree = "<group>"; };
		4D4B72AA277F0CD5004A161A /* CoreAPI.swift */ = {isa = PBXFileReference; lastKnownFileType = sourcecode.swift; path = CoreAPI.swift; sourceTree = "<group>"; };
		4D8585952780885100AC94E9 /* account.swift */ = {isa = PBXFileReference; lastKnownFileType = sourcecode.swift; path = account.swift; sourceTree = "<group>"; };
		4D85859727808BEC00AC94E9 /* User.swift */ = {isa = PBXFileReference; lastKnownFileType = sourcecode.swift; path = User.swift; sourceTree = "<group>"; };
		4D858599278097D700AC94E9 /* Calculations.swift */ = {isa = PBXFileReference; lastKnownFileType = sourcecode.swift; path = Calculations.swift; sourceTree = "<group>"; };
		4D85859B2780AAA400AC94E9 /* InvestmentPage.swift */ = {isa = PBXFileReference; lastKnownFileType = sourcecode.swift; path = InvestmentPage.swift; sourceTree = "<group>"; };
		4D8585C02789C28200AC94E9 /* currency.swift */ = {isa = PBXFileReference; lastKnownFileType = sourcecode.swift; path = currency.swift; sourceTree = "<group>"; };
		4D8585C22789C29B00AC94E9 /* nomics.swift */ = {isa = PBXFileReference; lastKnownFileType = sourcecode.swift; path = nomics.swift; sourceTree = "<group>"; };
		4D8585C52789CC9900AC94E9 /* currencyModel.swift */ = {isa = PBXFileReference; lastKnownFileType = sourcecode.swift; path = currencyModel.swift; sourceTree = "<group>"; };
		4D8585C72789F6A500AC94E9 /* investmentModel.swift */ = {isa = PBXFileReference; lastKnownFileType = sourcecode.swift; path = investmentModel.swift; sourceTree = "<group>"; };
		4D8AD3A72777497100024D66 /* BitView.app */ = {isa = PBXFileReference; explicitFileType = wrapper.application; includeInIndex = 0; path = BitView.app; sourceTree = BUILT_PRODUCTS_DIR; };
		4D8AD3AA2777497100024D66 /* BitViewApp.swift */ = {isa = PBXFileReference; lastKnownFileType = sourcecode.swift; path = BitViewApp.swift; sourceTree = "<group>"; };
		4D8AD3AC2777497100024D66 /* ContentView.swift */ = {isa = PBXFileReference; lastKnownFileType = sourcecode.swift; path = ContentView.swift; sourceTree = "<group>"; };
		4D8AD3AE2777497100024D66 /* Assets.xcassets */ = {isa = PBXFileReference; lastKnownFileType = folder.assetcatalog; path = Assets.xcassets; sourceTree = "<group>"; };
		4D8AD3B12777497100024D66 /* Preview Assets.xcassets */ = {isa = PBXFileReference; lastKnownFileType = folder.assetcatalog; path = "Preview Assets.xcassets"; sourceTree = "<group>"; };
/* End PBXFileReference section */

/* Begin PBXFrameworksBuildPhase section */
		4D8AD3A42777497100024D66 /* Frameworks */ = {
			isa = PBXFrameworksBuildPhase;
			buildActionMask = 2147483647;
			files = (
				4D4B72A8277E1923004A161A /* Alamofire in Frameworks */,
			);
			runOnlyForDeploymentPostprocessing = 0;
		};
/* End PBXFrameworksBuildPhase section */

/* Begin PBXGroup section */
		4D4B72A9277F0CB2004A161A /* Backend */ = {
			isa = PBXGroup;
			children = (
				4D4B72AA277F0CD5004A161A /* CoreAPI.swift */,
				4D85859727808BEC00AC94E9 /* User.swift */,
				4D858599278097D700AC94E9 /* Calculations.swift */,
			);
			path = Backend;
			sourceTree = "<group>";
		};
		4D8585BF2789C13E00AC94E9 /* Models */ = {
			isa = PBXGroup;
			children = (
				4D8585C02789C28200AC94E9 /* currency.swift */,
				4D8585952780885100AC94E9 /* account.swift */,
				4D8585C22789C29B00AC94E9 /* nomics.swift */,
			);
			path = Models;
			sourceTree = "<group>";
		};
		4D8585C42789CC8400AC94E9 /* ViewModel */ = {
			isa = PBXGroup;
			children = (
				4D8585C52789CC9900AC94E9 /* currencyModel.swift */,
				4D8585C72789F6A500AC94E9 /* investmentModel.swift */,
			);
			path = ViewModel;
			sourceTree = "<group>";
		};
		4D8AD39E2777497100024D66 = {
			isa = PBXGroup;
			children = (
				4D8AD3A92777497100024D66 /* BitView */,
				4D8AD3A82777497100024D66 /* Products */,
			);
			sourceTree = "<group>";
		};
		4D8AD3A82777497100024D66 /* Products */ = {
			isa = PBXGroup;
			children = (
				4D8AD3A72777497100024D66 /* BitView.app */,
			);
			name = Products;
			sourceTree = "<group>";
		};
		4D8AD3A92777497100024D66 /* BitView */ = {
			isa = PBXGroup;
			children = (
				4D8585C42789CC8400AC94E9 /* ViewModel */,
				4D8585BF2789C13E00AC94E9 /* Models */,
				4D4B72A9277F0CB2004A161A /* Backend */,
				4DCA77A4277749F300979170 /* Views */,
				4DCA77A3277749EB00979170 /* Screens */,
				4D8AD3AE2777497100024D66 /* Assets.xcassets */,
				4D8AD3B02777497100024D66 /* Preview Content */,
			);
			path = BitView;
			sourceTree = "<group>";
		};
		4D8AD3B02777497100024D66 /* Preview Content */ = {
			isa = PBXGroup;
			children = (
				4D8AD3B12777497100024D66 /* Preview Assets.xcassets */,
			);
			path = "Preview Content";
			sourceTree = "<group>";
		};
		4DCA77A3277749EB00979170 /* Screens */ = {
			isa = PBXGroup;
			children = (
				4D8AD3AA2777497100024D66 /* BitViewApp.swift */,
				4D8AD3AC2777497100024D66 /* ContentView.swift */,
			);
			path = Screens;
			sourceTree = "<group>";
		};
		4DCA77A4277749F300979170 /* Views */ = {
			isa = PBXGroup;
			children = (
				4D4B72A427790A8C004A161A /* InvestmentPopUp.swift */,
				4D17F5C927806D8B005333AB /* currencyRow.swift */,
				4D85859B2780AAA400AC94E9 /* InvestmentPage.swift */,
			);
			path = Views;
			sourceTree = "<group>";
		};
/* End PBXGroup section */

/* Begin PBXNativeTarget section */
		4D8AD3A62777497100024D66 /* BitView */ = {
			isa = PBXNativeTarget;
			buildConfigurationList = 4D8AD3B52777497100024D66 /* Build configuration list for PBXNativeTarget "BitView" */;
			buildPhases = (
				4D8AD3A32777497100024D66 /* Sources */,
				4D8AD3A42777497100024D66 /* Frameworks */,
				4D8AD3A52777497100024D66 /* Resources */,
			);
			buildRules = (
			);
			dependencies = (
			);
			name = BitView;
			packageProductDependencies = (
				4D4B72A7277E1923004A161A /* Alamofire */,
			);
			productName = BitView;
			productReference = 4D8AD3A72777497100024D66 /* BitView.app */;
			productType = "com.apple.product-type.application";
		};
/* End PBXNativeTarget section */

/* Begin PBXProject section */
		4D8AD39F2777497100024D66 /* Project object */ = {
			isa = PBXProject;
			attributes = {
				BuildIndependentTargetsInParallel = 1;
				LastSwiftUpdateCheck = 1310;
				LastUpgradeCheck = 1310;
				TargetAttributes = {
					4D8AD3A62777497100024D66 = {
						CreatedOnToolsVersion = 13.1;
					};
				};
			};
			buildConfigurationList = 4D8AD3A22777497100024D66 /* Build configuration list for PBXProject "BitView" */;
			compatibilityVersion = "Xcode 13.0";
			developmentRegion = en;
			hasScannedForEncodings = 0;
			knownRegions = (
				en,
				Base,
			);
			mainGroup = 4D8AD39E2777497100024D66;
			packageReferences = (
				4D4B72A6277E1923004A161A /* XCRemoteSwiftPackageReference "Alamofire" */,
			);
			productRefGroup = 4D8AD3A82777497100024D66 /* Products */;
			projectDirPath = "";
			projectRoot = "";
			targets = (
				4D8AD3A62777497100024D66 /* BitView */,
			);
		};
/* End PBXProject section */

/* Begin PBXResourcesBuildPhase section */
		4D8AD3A52777497100024D66 /* Resources */ = {
			isa = PBXResourcesBuildPhase;
			buildActionMask = 2147483647;
			files = (
				4D8AD3B22777497100024D66 /* Preview Assets.xcassets in Resources */,
				4D8AD3AF2777497100024D66 /* Assets.xcassets in Resources */,
			);
			runOnlyForDeploymentPostprocessing = 0;
		};
/* End PBXResourcesBuildPhase section */

/* Begin PBXSourcesBuildPhase section */
		4D8AD3A32777497100024D66 /* Sources */ = {
			isa = PBXSourcesBuildPhase;
			buildActionMask = 2147483647;
			files = (
				4D8585C32789C29B00AC94E9 /* nomics.swift in Sources */,
				4D8585962780885100AC94E9 /* account.swift in Sources */,
				4D85859C2780AAA400AC94E9 /* InvestmentPage.swift in Sources */,
				4D4B72AB277F0CD5004A161A /* CoreAPI.swift in Sources */,
				4D17F5CA27806D8B005333AB /* currencyRow.swift in Sources */,
				4D8585C82789F6A500AC94E9 /* investmentModel.swift in Sources */,
				4D85859A278097D700AC94E9 /* Calculations.swift in Sources */,
				4D8585C62789CC9900AC94E9 /* currencyModel.swift in Sources */,
				4D85859827808BEC00AC94E9 /* User.swift in Sources */,
				4D8AD3AD2777497100024D66 /* ContentView.swift in Sources */,
				4D8585C12789C28200AC94E9 /* currency.swift in Sources */,
				4D4B72A527790A8C004A161A /* InvestmentPopUp.swift in Sources */,
				4D8AD3AB2777497100024D66 /* BitViewApp.swift in Sources */,
			);
			runOnlyForDeploymentPostprocessing = 0;
		};
/* End PBXSourcesBuildPhase section */

/* Begin XCBuildConfiguration section */
		4D8AD3B32777497100024D66 /* Debug */ = {
			isa = XCBuildConfiguration;
			buildSettings = {
				ALWAYS_SEARCH_USER_PATHS = NO;
				CLANG_ANALYZER_NONNULL = YES;
				CLANG_ANALYZER_NUMBER_OBJECT_CONVERSION = YES_AGGRESSIVE;
				CLANG_CXX_LANGUAGE_STANDARD = "gnu++17";
				CLANG_CXX_LIBRARY = "libc++";
				CLANG_ENABLE_MODULES = YES;
				CLANG_ENABLE_OBJC_ARC = YES;
				CLANG_ENABLE_OBJC_WEAK = YES;
				CLANG_WARN_BLOCK_CAPTURE_AUTORELEASING = YES;
				CLANG_WARN_BOOL_CONVERSION = YES;
				CLANG_WARN_COMMA = YES;
				CLANG_WARN_CONSTANT_CONVERSION = YES;
				CLANG_WARN_DEPRECATED_OBJC_IMPLEMENTATIONS = YES;
				CLANG_WARN_DIRECT_OBJC_ISA_USAGE = YES_ERROR;
				CLANG_WARN_DOCUMENTATION_COMMENTS = YES;
				CLANG_WARN_EMPTY_BODY = YES;
				CLANG_WARN_ENUM_CONVERSION = YES;
				CLANG_WARN_INFINITE_RECURSION = YES;
				CLANG_WARN_INT_CONVERSION = YES;
				CLANG_WARN_NON_LITERAL_NULL_CONVERSION = YES;
				CLANG_WARN_OBJC_IMPLICIT_RETAIN_SELF = YES;
				CLANG_WARN_OBJC_LITERAL_CONVERSION = YES;
				CLANG_WARN_OBJC_ROOT_CLASS = YES_ERROR;
				CLANG_WARN_QUOTED_INCLUDE_IN_FRAMEWORK_HEADER = YES;
				CLANG_WARN_RANGE_LOOP_ANALYSIS = YES;
				CLANG_WARN_STRICT_PROTOTYPES = YES;
				CLANG_WARN_SUSPICIOUS_MOVE = YES;
				CLANG_WARN_UNGUARDED_AVAILABILITY = YES_AGGRESSIVE;
				CLANG_WARN_UNREACHABLE_CODE = YES;
				CLANG_WARN__DUPLICATE_METHOD_MATCH = YES;
				COPY_PHASE_STRIP = NO;
				DEBUG_INFORMATION_FORMAT = dwarf;
				ENABLE_STRICT_OBJC_MSGSEND = YES;
				ENABLE_TESTABILITY = YES;
				GCC_C_LANGUAGE_STANDARD = gnu11;
				GCC_DYNAMIC_NO_PIC = NO;
				GCC_NO_COMMON_BLOCKS = YES;
				GCC_OPTIMIZATION_LEVEL = 0;
				GCC_PREPROCESSOR_DEFINITIONS = (
					"DEBUG=1",
					"$(inherited)",
				);
				GCC_WARN_64_TO_32_BIT_CONVERSION = YES;
				GCC_WARN_ABOUT_RETURN_TYPE = YES_ERROR;
				GCC_WARN_UNDECLARED_SELECTOR = YES;
				GCC_WARN_UNINITIALIZED_AUTOS = YES_AGGRESSIVE;
				GCC_WARN_UNUSED_FUNCTION = YES;
				GCC_WARN_UNUSED_VARIABLE = YES;
				IPHONEOS_DEPLOYMENT_TARGET = 15.0;
				MTL_ENABLE_DEBUG_INFO = INCLUDE_SOURCE;
				MTL_FAST_MATH = YES;
				ONLY_ACTIVE_ARCH = YES;
				SDKROOT = iphoneos;
				SWIFT_ACTIVE_COMPILATION_CONDITIONS = DEBUG;
				SWIFT_OPTIMIZATION_LEVEL = "-Onone";
			};
			name = Debug;
		};
		4D8AD3B42777497100024D66 /* Release */ = {
			isa = XCBuildConfiguration;
			buildSettings = {
				ALWAYS_SEARCH_USER_PATHS = NO;
				CLANG_ANALYZER_NONNULL = YES;
				CLANG_ANALYZER_NUMBER_OBJECT_CONVERSION = YES_AGGRESSIVE;
				CLANG_CXX_LANGUAGE_STANDARD = "gnu++17";
				CLANG_CXX_LIBRARY = "libc++";
				CLANG_ENABLE_MODULES = YES;
				CLANG_ENABLE_OBJC_ARC = YES;
				CLANG_ENABLE_OBJC_WEAK = YES;
				CLANG_WARN_BLOCK_CAPTURE_AUTORELEASING = YES;
				CLANG_WARN_BOOL_CONVERSION = YES;
				CLANG_WARN_COMMA = YES;
				CLANG_WARN_CONSTANT_CONVERSION = YES;
				CLANG_WARN_DEPRECATED_OBJC_IMPLEMENTATIONS = YES;
				CLANG_WARN_DIRECT_OBJC_ISA_USAGE = YES_ERROR;
				CLANG_WARN_DOCUMENTATION_COMMENTS = YES;
				CLANG_WARN_EMPTY_BODY = YES;
				CLANG_WARN_ENUM_CONVERSION = YES;
				CLANG_WARN_INFINITE_RECURSION = YES;
				CLANG_WARN_INT_CONVERSION = YES;
				CLANG_WARN_NON_LITERAL_NULL_CONVERSION = YES;
				CLANG_WARN_OBJC_IMPLICIT_RETAIN_SELF = YES;
				CLANG_WARN_OBJC_LITERAL_CONVERSION = YES;
				CLANG_WARN_OBJC_ROOT_CLASS = YES_ERROR;
				CLANG_WARN_QUOTED_INCLUDE_IN_FRAMEWORK_HEADER = YES;
				CLANG_WARN_RANGE_LOOP_ANALYSIS = YES;
				CLANG_WARN_STRICT_PROTOTYPES = YES;
				CLANG_WARN_SUSPICIOUS_MOVE = YES;
				CLANG_WARN_UNGUARDED_AVAILABILITY = YES_AGGRESSIVE;
				CLANG_WARN_UNREACHABLE_CODE = YES;
				CLANG_WARN__DUPLICATE_METHOD_MATCH = YES;
				COPY_PHASE_STRIP = NO;
				DEBUG_INFORMATION_FORMAT = "dwarf-with-dsym";
				ENABLE_NS_ASSERTIONS = NO;
				ENABLE_STRICT_OBJC_MSGSEND = YES;
				GCC_C_LANGUAGE_STANDARD = gnu11;
				GCC_NO_COMMON_BLOCKS = YES;
				GCC_WARN_64_TO_32_BIT_CONVERSION = YES;
				GCC_WARN_ABOUT_RETURN_TYPE = YES_ERROR;
				GCC_WARN_UNDECLARED_SELECTOR = YES;
				GCC_WARN_UNINITIALIZED_AUTOS = YES_AGGRESSIVE;
				GCC_WARN_UNUSED_FUNCTION = YES;
				GCC_WARN_UNUSED_VARIABLE = YES;
				IPHONEOS_DEPLOYMENT_TARGET = 15.0;
				MTL_ENABLE_DEBUG_INFO = NO;
				MTL_FAST_MATH = YES;
				SDKROOT = iphoneos;
				SWIFT_COMPILATION_MODE = wholemodule;
				SWIFT_OPTIMIZATION_LEVEL = "-O";
				VALIDATE_PRODUCT = YES;
			};
			name = Release;
		};
		4D8AD3B62777497100024D66 /* Debug */ = {
			isa = XCBuildConfiguration;
			buildSettings = {
				ASSETCATALOG_COMPILER_APPICON_NAME = AppIcon;
				ASSETCATALOG_COMPILER_GLOBAL_ACCENT_COLOR_NAME = AccentColor;
				CODE_SIGN_STYLE = Automatic;
				CURRENT_PROJECT_VERSION = 1;
				DEVELOPMENT_ASSET_PATHS = "\"BitView/Preview Content\"";
				DEVELOPMENT_TEAM = H55F9K55YU;
				ENABLE_PREVIEWS = YES;
				GENERATE_INFOPLIST_FILE = YES;
				INFOPLIST_KEY_UIApplicationSceneManifest_Generation = YES;
				INFOPLIST_KEY_UIApplicationSupportsIndirectInputEvents = YES;
				INFOPLIST_KEY_UILaunchScreen_Generation = YES;
				INFOPLIST_KEY_UISupportedInterfaceOrientations_iPad = "UIInterfaceOrientationPortrait UIInterfaceOrientationPortraitUpsideDown UIInterfaceOrientationLandscapeLeft UIInterfaceOrientationLandscapeRight";
				INFOPLIST_KEY_UISupportedInterfaceOrientations_iPhone = "UIInterfaceOrientationPortrait UIInterfaceOrientationLandscapeLeft UIInterfaceOrientationLandscapeRight";
				LD_RUNPATH_SEARCH_PATHS = (
					"$(inherited)",
					"@executable_path/Frameworks",
				);
				MARKETING_VERSION = 1.0;
				PRODUCT_BUNDLE_IDENTIFIER = BitView.BitView;
				PRODUCT_NAME = "$(TARGET_NAME)";
				SWIFT_EMIT_LOC_STRINGS = YES;
				SWIFT_VERSION = 5.0;
				TARGETED_DEVICE_FAMILY = "1,2";
			};
			name = Debug;
		};
		4D8AD3B72777497100024D66 /* Release */ = {
			isa = XCBuildConfiguration;
			buildSettings = {
				ASSETCATALOG_COMPILER_APPICON_NAME = AppIcon;
				ASSETCATALOG_COMPILER_GLOBAL_ACCENT_COLOR_NAME = AccentColor;
				CODE_SIGN_STYLE = Automatic;
				CURRENT_PROJECT_VERSION = 1;
				DEVELOPMENT_ASSET_PATHS = "\"BitView/Preview Content\"";
				DEVELOPMENT_TEAM = H55F9K55YU;
				ENABLE_PREVIEWS = YES;
				GENERATE_INFOPLIST_FILE = YES;
				INFOPLIST_KEY_UIApplicationSceneManifest_Generation = YES;
				INFOPLIST_KEY_UIApplicationSupportsIndirectInputEvents = YES;
				INFOPLIST_KEY_UILaunchScreen_Generation = YES;
				INFOPLIST_KEY_UISupportedInterfaceOrientations_iPad = "UIInterfaceOrientationPortrait UIInterfaceOrientationPortraitUpsideDown UIInterfaceOrientationLandscapeLeft UIInterfaceOrientationLandscapeRight";
				INFOPLIST_KEY_UISupportedInterfaceOrientations_iPhone = "UIInterfaceOrientationPortrait UIInterfaceOrientationLandscapeLeft UIInterfaceOrientationLandscapeRight";
				LD_RUNPATH_SEARCH_PATHS = (
					"$(inherited)",
					"@executable_path/Frameworks",
				);
				MARKETING_VERSION = 1.0;
				PRODUCT_BUNDLE_IDENTIFIER = BitView.BitView;
				PRODUCT_NAME = "$(TARGET_NAME)";
				SWIFT_EMIT_LOC_STRINGS = YES;
				SWIFT_VERSION = 5.0;
				TARGETED_DEVICE_FAMILY = "1,2";
			};
			name = Release;
		};
/* End XCBuildConfiguration section */

/* Begin XCConfigurationList section */
		4D8AD3A22777497100024D66 /* Build configuration list for PBXProject "BitView" */ = {
			isa = XCConfigurationList;
			buildConfigurations = (
				4D8AD3B32777497100024D66 /* Debug */,
				4D8AD3B42777497100024D66 /* Release */,
			);
			defaultConfigurationIsVisible = 0;
			defaultConfigurationName = Release;
		};
		4D8AD3B52777497100024D66 /* Build configuration list for PBXNativeTarget "BitView" */ = {
			isa = XCConfigurationList;
			buildConfigurations = (
				4D8AD3B62777497100024D66 /* Debug */,
				4D8AD3B72777497100024D66 /* Release */,
			);
			defaultConfigurationIsVisible = 0;
			defaultConfigurationName = Release;
		};
/* End XCConfigurationList section */

/* Begin XCRemoteSwiftPackageReference section */
		4D4B72A6277E1923004A161A /* XCRemoteSwiftPackageReference "Alamofire" */ = {
			isa = XCRemoteSwiftPackageReference;
			repositoryURL = "https://github.com/Alamofire/Alamofire";
			requirement = {
				kind = upToNextMajorVersion;
				minimumVersion = 5.0.0;
			};
		};
/* End XCRemoteSwiftPackageReference section */

/* Begin XCSwiftPackageProductDependency section */
		4D4B72A7277E1923004A161A /* Alamofire */ = {
			isa = XCSwiftPackageProductDependency;
			package = 4D4B72A6277E1923004A161A /* XCRemoteSwiftPackageReference "Alamofire" */;
			productName = Alamofire;
		};
/* End XCSwiftPackageProductDependency section */
	};
	rootObject = 4D8AD39F2777497100024D66 /* Project object */;
}
